
Microsoft Visual Studio Solution File, Format Version 12.00
# Visual Studio Version 16
VisualStudioVersion = 16.0.29009.5
MinimumVisualStudioVersion = 10.0.40219.1
Project("{FAE04EC0-301F-11D3-BF4B-00C04F79EFBC}") = "LargeNumberMultiplication", "LargeNumberMultiplication\LargeNumberMultiplication.csproj", "{D035435E-6953-4597-9203-755ABE36AC51}"
EndProject
Global
	GlobalSection(SolutionConfigurationPlatforms) = preSolution
		Debug|Any CPU = Debug|Any CPU
		Release|Any CPU = Release|Any CPU
	EndGlobalSection
	GlobalSection(ProjectConfigurationPlatforms) = postSolution
		{D035435E-6953-4597-9203-755ABE36AC51}.Debug|Any CPU.ActiveCfg = Debug|Any CPU
		{D035435E-6953-4597-9203-755ABE36AC51}.Debug|Any CPU.Build.0 = Debug|Any CPU
		{D035435E-6953-4597-9203-755ABE36AC51}.Release|Any CPU.ActiveCfg = Release|Any CPU
		{D035435E-6953-4597-9203-755ABE36AC51}.Release|Any CPU.Build.0 = Release|Any CPU
	EndGlobalSection
	GlobalSection(SolutionProperties) = preSolution
		HideSolutionNode = FALSE
	EndGlobalSection
	GlobalSection(ExtensibilityGlobals) = postSolution
		SolutionGuid = {6A7120B1-789A-4C83-9508-ECF7CF1156C1}
	EndGlobalSection
EndGlobal
